PODS:
  - Crashlytics (3.11.0):
    - Fabric (~> 1.8.0)
  - Fabric (1.8.0)
  - SKTCapture (1.1.33)

DEPENDENCIES:
  - Crashlytics
  - Fabric
  - SKTCapture

SPEC REPOS:
  https://github.com/cocoapods/specs.git:
    - Crashlytics
    - Fabric
    - SKTCapture

SPEC CHECKSUMS:
  Crashlytics: 1448070c1d2731ab71ea7c3faf84ac0f69657287
  Fabric: 4ac1cdfef3004ccd83ce0959b91eda8a6e37df72
  SKTCapture: 874255c299b53dd07f73f4af2591e4c9da14665a

PODFILE CHECKSUM: 6acdb2dd4e27d794000c55ee778b96c352d89491

COCOAPODS: 1.6.0.beta.2
