PODS:
  - Crashlytics (3.12.0):
    - Fabric (~> 1.9.0)
  - Fabric (1.9.0)
  - SKTCapture (1.1.148)

DEPENDENCIES:
  - Crashlytics
  - Fabric
  - SKTCapture (~> 1.1)

SPEC REPOS:
  https://github.com/cocoapods/specs.git:
    - Crashlytics
    - Fabric
    - SKTCapture

SPEC CHECKSUMS:
  Crashlytics: 07fb167b1694128c1c9a5a5cc319b0e9c3ca0933
  Fabric: f988e33c97f08930a413e08123064d2e5f68d655
  SKTCapture: 4fffd6456304299e89f5855af0aaa95ca96e723e

PODFILE CHECKSUM: f6e1cb6cd668e0591b830d2414f585cac46d90d9

COCOAPODS: 1.6.0.beta.2
