// !$*UTF8*$!
{
	archiveVersion = 1;
	classes = {
	};
	objectVersion = 50;
	objects = {

/* Begin PBXBuildFile section */
		202E62F09CB95C103F7A4FCF /* libPods-Over21.a in Frameworks */ = {isa = PBXBuildFile; fileRef = 51550EF84563C26FD7E785C4 /* libPods-Over21.a */; };
		52628200215EC71C00E291D4 /* AppDelegate.swift in Sources */ = {isa = PBXBuildFile; fileRef = 526281FF215EC71C00E291D4 /* AppDelegate.swift */; };
		52628202215EC71C00E291D4 /* ViewController.swift in Sources */ = {isa = PBXBuildFile; fileRef = 52628201215EC71C00E291D4 /* ViewController.swift */; };
		52628205215EC71C00E291D4 /* Main.storyboard in Resources */ = {isa = PBXBuildFile; fileRef = 52628203215EC71C00E291D4 /* Main.storyboard */; };
		52628207215EC71C00E291D4 /* Assets.xcassets in Resources */ = {isa = PBXBuildFile; fileRef = 52628206215EC71C00E291D4 /* Assets.xcassets */; };
		5262820A215EC71C00E291D4 /* LaunchScreen.storyboard in Resources */ = {isa = PBXBuildFile; fileRef = 52628208215EC71C00E291D4 /* LaunchScreen.storyboard */; };
		52628213215ECD5400E291D4 /* AgeIndicatorView.swift in Sources */ = {isa = PBXBuildFile; fileRef = 52628212215ECD5400E291D4 /* AgeIndicatorView.swift */; };
		5273A25821700B9700F4634B /* Age.swift in Sources */ = {isa = PBXBuildFile; fileRef = 5273A25721700B9700F4634B /* Age.swift */; };
		5273A25A21700E8600F4634B /* ResultView.swift in Sources */ = {isa = PBXBuildFile; fileRef = 5273A25921700E8600F4634B /* ResultView.swift */; };
		5274045E21922508007AF90E /* AgeLimitSelectionView.swift in Sources */ = {isa = PBXBuildFile; fileRef = 5274045D21922508007AF90E /* AgeLimitSelectionView.swift */; };
		5274046021926078007AF90E /* NotificationsView.swift in Sources */ = {isa = PBXBuildFile; fileRef = 5274045F21926078007AF90E /* NotificationsView.swift */; };
		5274046C219B4C7B007AF90E /* ContainerViewController.swift in Sources */ = {isa = PBXBuildFile; fileRef = 5274046B219B4C7B007AF90E /* ContainerViewController.swift */; };
		5274046E219B4EC2007AF90E /* SettingsController.swift in Sources */ = {isa = PBXBuildFile; fileRef = 5274046D219B4EC2007AF90E /* SettingsController.swift */; };
		52740471219B5FC3007AF90E /* SettingsCell.swift in Sources */ = {isa = PBXBuildFile; fileRef = 52740470219B5FC3007AF90E /* SettingsCell.swift */; };
		52740473219B69DA007AF90E /* Settings.swift in Sources */ = {isa = PBXBuildFile; fileRef = 52740472219B69DA007AF90E /* Settings.swift */; };
		6A1E669C221158A600DB28C2 /* libBixolonUPOS.a in Frameworks */ = {isa = PBXBuildFile; fileRef = 6A1E669B221158A600DB28C2 /* libBixolonUPOS.a */; };
		6A1E669F22115B5A00DB28C2 /* lib in Resources */ = {isa = PBXBuildFile; fileRef = 6A1E669E22115B5A00DB28C2 /* lib */; };
		6AD6E74722414E7F008BC6A6 /* Constants.swift in Sources */ = {isa = PBXBuildFile; fileRef = 6AD6E74622414E7F008BC6A6 /* Constants.swift */; };
/* End PBXBuildFile section */

/* Begin PBXCopyFilesBuildPhase section */
		6A1E669D221158EB00DB28C2 /* CopyFiles */ = {
			isa = PBXCopyFilesBuildPhase;
			buildActionMask = 2147483647;
			dstPath = "";
			dstSubfolderSpec = 7;
			files = (
			);
			runOnlyForDeploymentPostprocessing = 0;
		};
/* End PBXCopyFilesBuildPhase section */

/* Begin PBXFileReference section */
		51550EF84563C26FD7E785C4 /* libPods-Over21.a */ = {isa = PBXFileReference; explicitFileType = archive.ar; includeInIndex = 0; path = "libPods-Over21.a"; sourceTree = BUILT_PRODUCTS_DIR; };
		526281FC215EC71C00E291D4 /* Over21.app */ = {isa = PBXFileReference; explicitFileType = wrapper.application; includeInIndex = 0; path = Over21.app; sourceTree = BUILT_PRODUCTS_DIR; };
		526281FF215EC71C00E291D4 /* AppDelegate.swift */ = {isa = PBXFileReference; lastKnownFileType = sourcecode.swift; path = AppDelegate.swift; sourceTree = "<group>"; };
		52628201215EC71C00E291D4 /* ViewController.swift */ = {isa = PBXFileReference; lastKnownFileType = sourcecode.swift; path = ViewController.swift; sourceTree = "<group>"; };
		52628204215EC71C00E291D4 /* Base */ = {isa = PBXFileReference; lastKnownFileType = file.storyboard; name = Base; path = Base.lproj/Main.storyboard; sourceTree = "<group>"; };
		52628206215EC71C00E291D4 /* Assets.xcassets */ = {isa = PBXFileReference; lastKnownFileType = folder.assetcatalog; path = Assets.xcassets; sourceTree = "<group>"; };
		52628209215EC71C00E291D4 /* Base */ = {isa = PBXFileReference; lastKnownFileType = file.storyboard; name = Base; path = Base.lproj/LaunchScreen.storyboard; sourceTree = "<group>"; };
		5262820B215EC71C00E291D4 /* Info.plist */ = {isa = PBXFileReference; lastKnownFileType = text.plist.xml; path = Info.plist; sourceTree = "<group>"; };
		52628212215ECD5400E291D4 /* AgeIndicatorView.swift */ = {isa = PBXFileReference; lastKnownFileType = sourcecode.swift; path = AgeIndicatorView.swift; sourceTree = "<group>"; };
		5273A25721700B9700F4634B /* Age.swift */ = {isa = PBXFileReference; lastKnownFileType = sourcecode.swift; path = Age.swift; sourceTree = "<group>"; };
		5273A25921700E8600F4634B /* ResultView.swift */ = {isa = PBXFileReference; lastKnownFileType = sourcecode.swift; path = ResultView.swift; sourceTree = "<group>"; };
		5274045D21922508007AF90E /* AgeLimitSelectionView.swift */ = {isa = PBXFileReference; lastKnownFileType = sourcecode.swift; path = AgeLimitSelectionView.swift; sourceTree = "<group>"; };
		5274045F21926078007AF90E /* NotificationsView.swift */ = {isa = PBXFileReference; lastKnownFileType = sourcecode.swift; path = NotificationsView.swift; sourceTree = "<group>"; };
		5274046B219B4C7B007AF90E /* ContainerViewController.swift */ = {isa = PBXFileReference; lastKnownFileType = sourcecode.swift; path = ContainerViewController.swift; sourceTree = "<group>"; };
		5274046D219B4EC2007AF90E /* SettingsController.swift */ = {isa = PBXFileReference; lastKnownFileType = sourcecode.swift; path = SettingsController.swift; sourceTree = "<group>"; };
		52740470219B5FC3007AF90E /* SettingsCell.swift */ = {isa = PBXFileReference; lastKnownFileType = sourcecode.swift; path = SettingsCell.swift; sourceTree = "<group>"; };
		52740472219B69DA007AF90E /* Settings.swift */ = {isa = PBXFileReference; lastKnownFileType = sourcecode.swift; path = Settings.swift; sourceTree = "<group>"; };
		6A1E669B221158A600DB28C2 /* libBixolonUPOS.a */ = {isa = PBXFileReference; lastKnownFileType = archive.ar; name = libBixolonUPOS.a; path = lib/libBixolonUPOS.a; sourceTree = "<group>"; };
		6A1E669E22115B5A00DB28C2 /* lib */ = {isa = PBXFileReference; lastKnownFileType = folder; path = lib; sourceTree = "<group>"; };
		6A1E66A022115C6200DB28C2 /* Over21-Bridging-Header.h */ = {isa = PBXFileReference; lastKnownFileType = sourcecode.c.h; path = "Over21-Bridging-Header.h"; sourceTree = "<group>"; };
		6AD6E74622414E7F008BC6A6 /* Constants.swift */ = {isa = PBXFileReference; fileEncoding = 4; lastKnownFileType = sourcecode.swift; path = Constants.swift; sourceTree = "<group>"; };
		D271FC4D14509537ADB710D2 /* Pods-Over21.debug.xcconfig */ = {isa = PBXFileReference; includeInIndex = 1; lastKnownFileType = text.xcconfig; name = "Pods-Over21.debug.xcconfig"; path = "Pods/Target Support Files/Pods-Over21/Pods-Over21.debug.xcconfig"; sourceTree = "<group>"; };
		DE74B030E9D5F1E6F34F58DC /* Pods-Over21.release.xcconfig */ = {isa = PBXFileReference; includeInIndex = 1; lastKnownFileType = text.xcconfig; name = "Pods-Over21.release.xcconfig"; path = "Pods/Target Support Files/Pods-Over21/Pods-Over21.release.xcconfig"; sourceTree = "<group>"; };
/* End PBXFileReference section */

/* Begin PBXFrameworksBuildPhase section */
		526281F9215EC71C00E291D4 /* Frameworks */ = {
			isa = PBXFrameworksBuildPhase;
			buildActionMask = 2147483647;
			files = (
				6A1E669C221158A600DB28C2 /* libBixolonUPOS.a in Frameworks */,
				202E62F09CB95C103F7A4FCF /* libPods-Over21.a in Frameworks */,
			);
			runOnlyForDeploymentPostprocessing = 0;
		};
/* End PBXFrameworksBuildPhase section */

/* Begin PBXGroup section */
		2CE971A83BC77FC83DE41BEF /* Frameworks */ = {
			isa = PBXGroup;
			children = (
				6A1E669B221158A600DB28C2 /* libBixolonUPOS.a */,
				51550EF84563C26FD7E785C4 /* libPods-Over21.a */,
			);
			name = Frameworks;
			sourceTree = "<group>";
		};
		526281F3215EC71C00E291D4 = {
			isa = PBXGroup;
			children = (
				526281FE215EC71C00E291D4 /* Over21 */,
				526281FD215EC71C00E291D4 /* Products */,
				79F5A90334BE1DDD30B31FAC /* Pods */,
				2CE971A83BC77FC83DE41BEF /* Frameworks */,
				6A1E669E22115B5A00DB28C2 /* lib */,
			);
			sourceTree = "<group>";
		};
		526281FD215EC71C00E291D4 /* Products */ = {
			isa = PBXGroup;
			children = (
				526281FC215EC71C00E291D4 /* Over21.app */,
			);
			name = Products;
			sourceTree = "<group>";
		};
		526281FE215EC71C00E291D4 /* Over21 */ = {
			isa = PBXGroup;
			children = (
				6AD6E74622414E7F008BC6A6 /* Constants.swift */,
				5273A25621700B8D00F4634B /* models */,
				52628211215ECD4500E291D4 /* views */,
				5274046A219B4C4E007AF90E /* controllers */,
				526281FF215EC71C00E291D4 /* AppDelegate.swift */,
				52628203215EC71C00E291D4 /* Main.storyboard */,
				52628206215EC71C00E291D4 /* Assets.xcassets */,
				52628208215EC71C00E291D4 /* LaunchScreen.storyboard */,
				5262820B215EC71C00E291D4 /* Info.plist */,
				52740472219B69DA007AF90E /* Settings.swift */,
				6A1E66A022115C6200DB28C2 /* Over21-Bridging-Header.h */,
			);
			path = Over21;
			sourceTree = "<group>";
		};
		52628211215ECD4500E291D4 /* views */ = {
			isa = PBXGroup;
			children = (
				52628212215ECD5400E291D4 /* AgeIndicatorView.swift */,
				5273A25921700E8600F4634B /* ResultView.swift */,
				5274045D21922508007AF90E /* AgeLimitSelectionView.swift */,
				5274045F21926078007AF90E /* NotificationsView.swift */,
				52740470219B5FC3007AF90E /* SettingsCell.swift */,
			);
			path = views;
			sourceTree = "<group>";
		};
		5273A25621700B8D00F4634B /* models */ = {
			isa = PBXGroup;
			children = (
				5273A25721700B9700F4634B /* Age.swift */,
			);
			path = models;
			sourceTree = "<group>";
		};
		5274046A219B4C4E007AF90E /* controllers */ = {
			isa = PBXGroup;
			children = (
				5274046B219B4C7B007AF90E /* ContainerViewController.swift */,
				52628201215EC71C00E291D4 /* ViewController.swift */,
				5274046D219B4EC2007AF90E /* SettingsController.swift */,
			);
			path = controllers;
			sourceTree = "<group>";
		};
		79F5A90334BE1DDD30B31FAC /* Pods */ = {
			isa = PBXGroup;
			children = (
				D271FC4D14509537ADB710D2 /* Pods-Over21.debug.xcconfig */,
				DE74B030E9D5F1E6F34F58DC /* Pods-Over21.release.xcconfig */,
			);
			name = Pods;
			sourceTree = "<group>";
		};
/* End PBXGroup section */

/* Begin PBXNativeTarget section */
		526281FB215EC71C00E291D4 /* Over21 */ = {
			isa = PBXNativeTarget;
			buildConfigurationList = 5262820E215EC71C00E291D4 /* Build configuration list for PBXNativeTarget "Over21" */;
			buildPhases = (
				4860A1914D0C0FF4F79AE0B0 /* [CP] Check Pods Manifest.lock */,
				E7A84EDB2188871F00BF2B1B /* ShellScript */,
				526281F8215EC71C00E291D4 /* Sources */,
				526281F9215EC71C00E291D4 /* Frameworks */,
				526281FA215EC71C00E291D4 /* Resources */,
				5273A2F2217663E800F4634B /* ShellScript */,
				6A1E669D221158EB00DB28C2 /* CopyFiles */,
				C0BC9FF33FBE29110B1492C7 /* [CP] Copy Pods Resources */,
			);
			buildRules = (
			);
			dependencies = (
			);
			name = Over21;
			productName = Over21;
			productReference = 526281FC215EC71C00E291D4 /* Over21.app */;
			productType = "com.apple.product-type.application";
		};
/* End PBXNativeTarget section */

/* Begin PBXProject section */
		526281F4215EC71C00E291D4 /* Project object */ = {
			isa = PBXProject;
			attributes = {
				LastSwiftUpdateCheck = 1000;
				LastUpgradeCheck = 1000;
				ORGANIZATIONNAME = "Socket Mobile";
				TargetAttributes = {
					526281FB215EC71C00E291D4 = {
						CreatedOnToolsVersion = 10.0;
					};
				};
			};
			buildConfigurationList = 526281F7215EC71C00E291D4 /* Build configuration list for PBXProject "Over21" */;
			compatibilityVersion = "Xcode 9.3";
			developmentRegion = en;
			hasScannedForEncodings = 0;
			knownRegions = (
				en,
				Base,
			);
			mainGroup = 526281F3215EC71C00E291D4;
			productRefGroup = 526281FD215EC71C00E291D4 /* Products */;
			projectDirPath = "";
			projectRoot = "";
			targets = (
				526281FB215EC71C00E291D4 /* Over21 */,
			);
		};
/* End PBXProject section */

/* Begin PBXResourcesBuildPhase section */
		526281FA215EC71C00E291D4 /* Resources */ = {
			isa = PBXResourcesBuildPhase;
			buildActionMask = 2147483647;
			files = (
				5262820A215EC71C00E291D4 /* LaunchScreen.storyboard in Resources */,
				52628207215EC71C00E291D4 /* Assets.xcassets in Resources */,
				6A1E669F22115B5A00DB28C2 /* lib in Resources */,
				52628205215EC71C00E291D4 /* Main.storyboard in Resources */,
			);
			runOnlyForDeploymentPostprocessing = 0;
		};
/* End PBXResourcesBuildPhase section */

/* Begin PBXShellScriptBuildPhase section */
		4860A1914D0C0FF4F79AE0B0 /* [CP] Check Pods Manifest.lock */ = {
			isa = PBXShellScriptBuildPhase;
			buildActionMask = 2147483647;
			files = (
			);
			inputPaths = (
				"${PODS_PODFILE_DIR_PATH}/Podfile.lock",
				"${PODS_ROOT}/Manifest.lock",
			);
			name = "[CP] Check Pods Manifest.lock";
			outputPaths = (
				"$(DERIVED_FILE_DIR)/Pods-Over21-checkManifestLockResult.txt",
			);
			runOnlyForDeploymentPostprocessing = 0;
			shellPath = /bin/sh;
			shellScript = "diff \"${PODS_PODFILE_DIR_PATH}/Podfile.lock\" \"${PODS_ROOT}/Manifest.lock\" > /dev/null\nif [ $? != 0 ] ; then\n    # print error to STDERR\n    echo \"error: The sandbox is not in sync with the Podfile.lock. Run 'pod install' or update your CocoaPods installation.\" >&2\n    exit 1\nfi\n# This output is used by Xcode 'outputs' to avoid re-running this script phase.\necho \"SUCCESS\" > \"${SCRIPT_OUTPUT_FILE_0}\"\n";
			showEnvVarsInLog = 0;
		};
		5273A2F2217663E800F4634B /* ShellScript */ = {
			isa = PBXShellScriptBuildPhase;
			buildActionMask = 2147483647;
			files = (
			);
			inputFileListPaths = (
			);
			inputPaths = (
				"$(SRCROOT)/$(BUILT_PRODUCTS_DIR)/$(INFOPLIST_PATH)",
			);
			outputFileListPaths = (
			);
			outputPaths = (
			);
			runOnlyForDeploymentPostprocessing = 0;
			shellPath = /bin/sh;
			shellScript = "${PODS_ROOT}/Fabric/run c8e0cc0c0ba2daa331415be090a4f7ead5e65570 02bb68c2dc000ff369be6d47fe976ff3509e7534bc0ade56206d935653c75480\n";
		};
		C0BC9FF33FBE29110B1492C7 /* [CP] Copy Pods Resources */ = {
			isa = PBXShellScriptBuildPhase;
			buildActionMask = 2147483647;
			files = (
			);
			inputFileListPaths = (
			);
			inputPaths = (
				"${PODS_ROOT}/Target Support Files/Pods-Over21/Pods-Over21-resources.sh",
				"${PODS_ROOT}/SKTCapture/softScanBeep.wav",
				"${PODS_ROOT}/SKTCapture/socketmobilepublickey.pem",
			);
			name = "[CP] Copy Pods Resources";
			outputFileListPaths = (
			);
			outputPaths = (
				"${TARGET_BUILD_DIR}/${UNLOCALIZED_RESOURCES_FOLDER_PATH}/softScanBeep.wav",
				"${TARGET_BUILD_DIR}/${UNLOCALIZED_RESOURCES_FOLDER_PATH}/socketmobilepublickey.pem",
			);
			runOnlyForDeploymentPostprocessing = 0;
			shellPath = /bin/sh;
			shellScript = "\"${PODS_ROOT}/Target Support Files/Pods-Over21/Pods-Over21-resources.sh\"\n";
			showEnvVarsInLog = 0;
		};
		E7A84EDB2188871F00BF2B1B /* ShellScript */ = {
			isa = PBXShellScriptBuildPhase;
			buildActionMask = 2147483647;
			files = (
			);
			inputFileListPaths = (
			);
			inputPaths = (
			);
			outputFileListPaths = (
			);
			outputPaths = (
			);
			runOnlyForDeploymentPostprocessing = 0;
			shellPath = /bin/sh;
			shellScript = "# Assumes that you tag versions with the version number (e.g., \"1.1\") and then the build number is\n# that plus the number of commits since the tag (e.g., \"1.1.17\")\n# using the annotated tag with git: git tag -a 1.1 -m \"new version whatever\"\n\necho \"Updating version/build number from git...\"\nplist=${PROJECT_DIR}/${INFOPLIST_FILE}\n\n# increment the build number (ie 115 to 116)\nversionnum=`git describe | awk '{split($0,a,\"-\"); print a[1]}'`\nbuildnum=`git describe --long | awk '{split($0,a,\"-\"); print a[1] \".\" a[2]}'`\n\necho \"info.plist: ${plist}\"\necho \"version: $buildnum\"\n\nif [[ \"${versionnum}\" == \"\" ]]; then\necho \"No version number from git!!!!!\"\nexit 2\nfi\n\nif [[ \"${buildnum}\" == \"\" ]]; then\necho \"No build number from git!!!!!\"\nexit 2\nfi\n\n#update ScanBox version\n/usr/libexec/Plistbuddy -c \"Set CFBundleShortVersionString $buildnum\" \"${plist}\"\necho \"Updated version number to $buildnum\"\n\n/usr/libexec/Plistbuddy -c \"Set CFBundleVersion $buildnum\" \"${plist}\"\necho \"Updated build number to $buildnum\"\n";
		};
/* End PBXShellScriptBuildPhase section */

/* Begin PBXSourcesBuildPhase section */
		526281F8215EC71C00E291D4 /* Sources */ = {
			isa = PBXSourcesBuildPhase;
			buildActionMask = 2147483647;
			files = (
				5274046E219B4EC2007AF90E /* SettingsController.swift in Sources */,
				5274046C219B4C7B007AF90E /* ContainerViewController.swift in Sources */,
				52628202215EC71C00E291D4 /* ViewController.swift in Sources */,
				5273A25821700B9700F4634B /* Age.swift in Sources */,
				52740471219B5FC3007AF90E /* SettingsCell.swift in Sources */,
				5273A25A21700E8600F4634B /* ResultView.swift in Sources */,
				52628213215ECD5400E291D4 /* AgeIndicatorView.swift in Sources */,
				52628200215EC71C00E291D4 /* AppDelegate.swift in Sources */,
				5274045E21922508007AF90E /* AgeLimitSelectionView.swift in Sources */,
				52740473219B69DA007AF90E /* Settings.swift in Sources */,
				5274046021926078007AF90E /* NotificationsView.swift in Sources */,
				6AD6E74722414E7F008BC6A6 /* Constants.swift in Sources */,
			);
			runOnlyForDeploymentPostprocessing = 0;
		};
/* End PBXSourcesBuildPhase section */

/* Begin PBXVariantGroup section */
		52628203215EC71C00E291D4 /* Main.storyboard */ = {
			isa = PBXVariantGroup;
			children = (
				52628204215EC71C00E291D4 /* Base */,
			);
			name = Main.storyboard;
			sourceTree = "<group>";
		};
		52628208215EC71C00E291D4 /* LaunchScreen.storyboard */ = {
			isa = PBXVariantGroup;
			children = (
				52628209215EC71C00E291D4 /* Base */,
			);
			name = LaunchScreen.storyboard;
			sourceTree = "<group>";
		};
/* End PBXVariantGroup section */

/* Begin XCBuildConfiguration section */
		5262820C215EC71C00E291D4 /* Debug */ = {
			isa = XCBuildConfiguration;
			buildSettings = {
				ALWAYS_SEARCH_USER_PATHS = NO;
				CLANG_ANALYZER_NONNULL = YES;
				CLANG_ANALYZER_NUMBER_OBJECT_CONVERSION = YES_AGGRESSIVE;
				CLANG_CXX_LANGUAGE_STANDARD = "gnu++14";
				CLANG_CXX_LIBRARY = "libc++";
				CLANG_ENABLE_MODULES = YES;
				CLANG_ENABLE_OBJC_ARC = YES;
				CLANG_ENABLE_OBJC_WEAK = YES;
				CLANG_WARN_BLOCK_CAPTURE_AUTORELEASING = YES;
				CLANG_WARN_BOOL_CONVERSION = YES;
				CLANG_WARN_COMMA = YES;
				CLANG_WARN_CONSTANT_CONVERSION = YES;
				CLANG_WARN_DEPRECATED_OBJC_IMPLEMENTATIONS = YES;
				CLANG_WARN_DIRECT_OBJC_ISA_USAGE = YES_ERROR;
				CLANG_WARN_DOCUMENTATION_COMMENTS = YES;
				CLANG_WARN_EMPTY_BODY = YES;
				CLANG_WARN_ENUM_CONVERSION = YES;
				CLANG_WARN_INFINITE_RECURSION = YES;
				CLANG_WARN_INT_CONVERSION = YES;
				CLANG_WARN_NON_LITERAL_NULL_CONVERSION = YES;
				CLANG_WARN_OBJC_IMPLICIT_RETAIN_SELF = YES;
				CLANG_WARN_OBJC_LITERAL_CONVERSION = YES;
				CLANG_WARN_OBJC_ROOT_CLASS = YES_ERROR;
				CLANG_WARN_RANGE_LOOP_ANALYSIS = YES;
				CLANG_WARN_STRICT_PROTOTYPES = YES;
				CLANG_WARN_SUSPICIOUS_MOVE = YES;
				CLANG_WARN_UNGUARDED_AVAILABILITY = YES_AGGRESSIVE;
				CLANG_WARN_UNREACHABLE_CODE = YES;
				CLANG_WARN__DUPLICATE_METHOD_MATCH = YES;
				CODE_SIGN_IDENTITY = "iPhone Developer";
				COPY_PHASE_STRIP = NO;
				DEBUG_INFORMATION_FORMAT = dwarf;
				ENABLE_STRICT_OBJC_MSGSEND = YES;
				ENABLE_TESTABILITY = YES;
				GCC_C_LANGUAGE_STANDARD = gnu11;
				GCC_DYNAMIC_NO_PIC = NO;
				GCC_NO_COMMON_BLOCKS = YES;
				GCC_OPTIMIZATION_LEVEL = 0;
				GCC_PREPROCESSOR_DEFINITIONS = (
					"DEBUG=1",
					"$(inherited)",
				);
				GCC_WARN_64_TO_32_BIT_CONVERSION = YES;
				GCC_WARN_ABOUT_RETURN_TYPE = YES_ERROR;
				GCC_WARN_UNDECLARED_SELECTOR = YES;
				GCC_WARN_UNINITIALIZED_AUTOS = YES_AGGRESSIVE;
				GCC_WARN_UNUSED_FUNCTION = YES;
				GCC_WARN_UNUSED_VARIABLE = YES;
				IPHONEOS_DEPLOYMENT_TARGET = 12.0;
				MTL_ENABLE_DEBUG_INFO = INCLUDE_SOURCE;
				MTL_FAST_MATH = YES;
				ONLY_ACTIVE_ARCH = YES;
				SDKROOT = iphoneos;
				SWIFT_ACTIVE_COMPILATION_CONDITIONS = DEBUG;
				SWIFT_OPTIMIZATION_LEVEL = "-Onone";
			};
			name = Debug;
		};
		5262820D215EC71C00E291D4 /* Release */ = {
			isa = XCBuildConfiguration;
			buildSettings = {
				ALWAYS_SEARCH_USER_PATHS = NO;
				CLANG_ANALYZER_NONNULL = YES;
				CLANG_ANALYZER_NUMBER_OBJECT_CONVERSION = YES_AGGRESSIVE;
				CLANG_CXX_LANGUAGE_STANDARD = "gnu++14";
				CLANG_CXX_LIBRARY = "libc++";
				CLANG_ENABLE_MODULES = YES;
				CLANG_ENABLE_OBJC_ARC = YES;
				CLANG_ENABLE_OBJC_WEAK = YES;
				CLANG_WARN_BLOCK_CAPTURE_AUTORELEASING = YES;
				CLANG_WARN_BOOL_CONVERSION = YES;
				CLANG_WARN_COMMA = YES;
				CLANG_WARN_CONSTANT_CONVERSION = YES;
				CLANG_WARN_DEPRECATED_OBJC_IMPLEMENTATIONS = YES;
				CLANG_WARN_DIRECT_OBJC_ISA_USAGE = YES_ERROR;
				CLANG_WARN_DOCUMENTATION_COMMENTS = YES;
				CLANG_WARN_EMPTY_BODY = YES;
				CLANG_WARN_ENUM_CONVERSION = YES;
				CLANG_WARN_INFINITE_RECURSION = YES;
				CLANG_WARN_INT_CONVERSION = YES;
				CLANG_WARN_NON_LITERAL_NULL_CONVERSION = YES;
				CLANG_WARN_OBJC_IMPLICIT_RETAIN_SELF = YES;
				CLANG_WARN_OBJC_LITERAL_CONVERSION = YES;
				CLANG_WARN_OBJC_ROOT_CLASS = YES_ERROR;
				CLANG_WARN_RANGE_LOOP_ANALYSIS = YES;
				CLANG_WARN_STRICT_PROTOTYPES = YES;
				CLANG_WARN_SUSPICIOUS_MOVE = YES;
				CLANG_WARN_UNGUARDED_AVAILABILITY = YES_AGGRESSIVE;
				CLANG_WARN_UNREACHABLE_CODE = YES;
				CLANG_WARN__DUPLICATE_METHOD_MATCH = YES;
				CODE_SIGN_IDENTITY = "iPhone Developer";
				COPY_PHASE_STRIP = NO;
				DEBUG_INFORMATION_FORMAT = "dwarf-with-dsym";
				ENABLE_NS_ASSERTIONS = NO;
				ENABLE_STRICT_OBJC_MSGSEND = YES;
				GCC_C_LANGUAGE_STANDARD = gnu11;
				GCC_NO_COMMON_BLOCKS = YES;
				GCC_WARN_64_TO_32_BIT_CONVERSION = YES;
				GCC_WARN_ABOUT_RETURN_TYPE = YES_ERROR;
				GCC_WARN_UNDECLARED_SELECTOR = YES;
				GCC_WARN_UNINITIALIZED_AUTOS = YES_AGGRESSIVE;
				GCC_WARN_UNUSED_FUNCTION = YES;
				GCC_WARN_UNUSED_VARIABLE = YES;
				IPHONEOS_DEPLOYMENT_TARGET = 12.0;
				MTL_ENABLE_DEBUG_INFO = NO;
				MTL_FAST_MATH = YES;
				SDKROOT = iphoneos;
				SWIFT_COMPILATION_MODE = wholemodule;
				SWIFT_OPTIMIZATION_LEVEL = "-O";
				VALIDATE_PRODUCT = YES;
			};
			name = Release;
		};
		5262820F215EC71C00E291D4 /* Debug */ = {
			isa = XCBuildConfiguration;
			baseConfigurationReference = D271FC4D14509537ADB710D2 /* Pods-Over21.debug.xcconfig */;
			buildSettings = {
				ASSETCATALOG_COMPILER_APPICON_NAME = AppIcon;
				CODE_SIGN_IDENTITY = "iPhone Developer";
				CODE_SIGN_STYLE = Manual;
				DEBUG_INFORMATION_FORMAT = "dwarf-with-dsym";
				DEVELOPMENT_TEAM = GCJ274LWEE;
				INFOPLIST_FILE = Over21/Info.plist;
				IPHONEOS_DEPLOYMENT_TARGET = 11.0;
				LD_RUNPATH_SEARCH_PATHS = (
					"$(inherited)",
					"@executable_path/Frameworks",
				);
				LIBRARY_SEARCH_PATHS = (
					"$(inherited)",
					"$(PROJECT_DIR)/lib",
				);
				OTHER_LDFLAGS = (
					"$(inherited)",
					"-ObjC",
					"-l\"c++\"",
					"-l\"icucore\"",
					"-l\"z\"",
					"-framework",
					"\"AVFoundation\"",
					"-framework",
					"\"AudioToolbox\"",
					"-framework",
					"\"CoreBluetooth\"",
					"-framework",
					"\"Crashlytics\"",
					"-framework",
					"\"ExternalAccessory\"",
					"-framework",
					"\"Fabric\"",
					"-framework",
					"\"Security\"",
					"-framework",
					"\"SystemConfiguration\"",
					"-framework",
					"\"UIKit\"",
				);
				PRODUCT_BUNDLE_IDENTIFIER = com.socketmobile.Over21;
				PRODUCT_NAME = "$(TARGET_NAME)";
				PROVISIONING_PROFILE_SPECIFIER = "development test com.socketmobile.*";
				SWIFT_OBJC_BRIDGING_HEADER = "Over21/Over21-Bridging-Header.h";
				SWIFT_VERSION = 4.2;
				TARGETED_DEVICE_FAMILY = "1,2";
				USER_HEADER_SEARCH_PATHS = "\"$(SRCROOT)/lib/libBixolonUPOS\"";
			};
			name = Debug;
		};
		52628210215EC71C00E291D4 /* Release */ = {
			isa = XCBuildConfiguration;
			baseConfigurationReference = DE74B030E9D5F1E6F34F58DC /* Pods-Over21.release.xcconfig */;
			buildSettings = {
				ASSETCATALOG_COMPILER_APPICON_NAME = AppIcon;
				CODE_SIGN_IDENTITY = "iPhone Distribution";
				CODE_SIGN_STYLE = Manual;
				DEVELOPMENT_TEAM = GCJ274LWEE;
				INFOPLIST_FILE = Over21/Info.plist;
				IPHONEOS_DEPLOYMENT_TARGET = 11.0;
				LD_RUNPATH_SEARCH_PATHS = (
					"$(inherited)",
					"@executable_path/Frameworks",
				);
				LIBRARY_SEARCH_PATHS = (
					"$(inherited)",
					"$(PROJECT_DIR)/lib",
				);
				PRODUCT_BUNDLE_IDENTIFIER = com.socketmobile.Over21;
				PRODUCT_NAME = "$(TARGET_NAME)";
				PROVISIONING_PROFILE_SPECIFIER = "crashlytics distribution";
				SWIFT_OBJC_BRIDGING_HEADER = "Over21/Over21-Bridging-Header.h";
				SWIFT_VERSION = 4.2;
				TARGETED_DEVICE_FAMILY = "1,2";
				USER_HEADER_SEARCH_PATHS = "\"$(SRCROOT)/lib/libBixolonUPOS\"";
			};
			name = Release;
		};
/* End XCBuildConfiguration section */

/* Begin XCConfigurationList section */
		526281F7215EC71C00E291D4 /* Build configuration list for PBXProject "Over21" */ = {
			isa = XCConfigurationList;
			buildConfigurations = (
				5262820C215EC71C00E291D4 /* Debug */,
				5262820D215EC71C00E291D4 /* Release */,
			);
			defaultConfigurationIsVisible = 0;
			defaultConfigurationName = Release;
		};
		5262820E215EC71C00E291D4 /* Build configuration list for PBXNativeTarget "Over21" */ = {
			isa = XCConfigurationList;
			buildConfigurations = (
				5262820F215EC71C00E291D4 /* Debug */,
				52628210215EC71C00E291D4 /* Release */,
			);
			defaultConfigurationIsVisible = 0;
			defaultConfigurationName = Release;
		};
/* End XCConfigurationList section */
	};
	rootObject = 526281F4215EC71C00E291D4 /* Project object */;
}
